
Microsoft Visual Studio Solution File, Format Version 12.00
# Visual Studio Version 16
VisualStudioVersion = 16.0.31911.196
MinimumVisualStudioVersion = 10.0.40219.1
Project("{8BC9CEB8-8B4A-11D0-8D11-00A0C91BC942}") = "MyFirst", "MyFirst.vcxproj", "{C4047FC1-02FE-444F-8CDA-9C2A8FDF1ABF}"
EndProject
Global
	GlobalSection(SolutionConfigurationPlatforms) = preSolution
		Debug|x64 = Debug|x64
		Debug|x86 = Debug|x86
		Release|x64 = Release|x64
		Release|x86 = Release|x86
	EndGlobalSection
	GlobalSection(ProjectConfigurationPlatforms) = postSolution
		{C4047FC1-02FE-444F-8CDA-9C2A8FDF1ABF}.Debug|x64.ActiveCfg = Debug|x64
		{C4047FC1-02FE-444F-8CDA-9C2A8FDF1ABF}.Debug|x64.Build.0 = Debug|x64
		{C4047FC1-02FE-444F-8CDA-9C2A8FDF1ABF}.Debug|x86.ActiveCfg = Debug|Win32
		{C4047FC1-02FE-444F-8CDA-9C2A8FDF1ABF}.Debug|x86.Build.0 = Debug|Win32
		{C4047FC1-02FE-444F-8CDA-9C2A8FDF1ABF}.Release|x64.ActiveCfg = Release|x64
		{C4047FC1-02FE-444F-8CDA-9C2A8FDF1ABF}.Release|x64.Build.0 = Release|x64
		{C4047FC1-02FE-444F-8CDA-9C2A8FDF1ABF}.Release|x86.ActiveCfg = Release|Win32
		{C4047FC1-02FE-444F-8CDA-9C2A8FDF1ABF}.Release|x86.Build.0 = Release|Win32
	EndGlobalSection
	GlobalSection(SolutionProperties) = preSolution
		HideSolutionNode = FALSE
	EndGlobalSection
	GlobalSection(ExtensibilityGlobals) = postSolution
		SolutionGuid = {3996FBD9-1E42-4C82-87A3-61C2C82A8248}
	EndGlobalSection
EndGlobal
